// !$*UTF8*$!
{
	archiveVersion = 1;
	classes = {
	};
	objectVersion = 77;
	objects = {

/* Begin PBXBuildFile section */
		D7BABD67305978720070926E /* JoeyPetApp.swift in Sources */ = {isa = PBXBuildFile; fileRef = D7BABD65305978720070926E /* JoeyPetApp.swift */; };
		D7BABD69305978720070926E /* Assets.xcassets in Resources */ = {isa = PBXBuildFile; fileRef = D7BABD63305978720070926E /* Assets.xcassets */; };
		D7BABD6C305978E70070926E /* JoeyPetTests.swift in Sources */ = {isa = PBXBuildFile; fileRef = D7BABD6A305978E70070926E /* JoeyPetTests.swift */; };
		D7PET101305978720070926E /* SignalSeverity.swift in Sources */ = {isa = PBXBuildFile; fileRef = D7PET001305978720070926E /* SignalSeverity.swift */; };
		D7PET102305978720070926E /* PetState.swift in Sources */ = {isa = PBXBuildFile; fileRef = D7PET002305978720070926E /* PetState.swift */; };
		D7PET103305978720070926E /* SystemSignal.swift in Sources */ = {isa = PBXBuildFile; fileRef = D7PET003305978720070926E /* SystemSignal.swift */; };
		D7PET104305978720070926E /* PetBehavior.swift in Sources */ = {isa = PBXBuildFile; fileRef = D7PET004305978720070926E /* PetBehavior.swift */; };
		D7PET105305978720070926E /* SensorThresholds.swift in Sources */ = {isa = PBXBuildFile; fileRef = D7PET005305978720070926E /* SensorThresholds.swift */; };
		D7PET106305978720070926E /* BehaviorEngine.swift in Sources */ = {isa = PBXBuildFile; fileRef = D7PET006305978720070926E /* BehaviorEngine.swift */; };
		D7PET107305978720070926E /* SystemSensor.swift in Sources */ = {isa = PBXBuildFile; fileRef = D7PET007305978720070926E /* SystemSensor.swift */; };
		D7PET108305978720070926E /* ThermalSensor.swift in Sources */ = {isa = PBXBuildFile; fileRef = D7PET008305978720070926E /* ThermalSensor.swift */; };
		D7PET109305978720070926E /* MemoryPressureSensor.swift in Sources */ = {isa = PBXBuildFile; fileRef = D7PET009305978720070926E /* MemoryPressureSensor.swift */; };
		D7PET10A305978720070926E /* StorageSensor.swift in Sources */ = {isa = PBXBuildFile; fileRef = D7PET00A305978720070926E /* StorageSensor.swift */; };
		D7PET10B305978720070926E /* SensorHub.swift in Sources */ = {isa = PBXBuildFile; fileRef = D7PET00B305978720070926E /* SensorHub.swift */; };
		D7PET10C305978720070926E /* PetRuntime.swift in Sources */ = {isa = PBXBuildFile; fileRef = D7PET00C305978720070926E /* PetRuntime.swift */; };
		D7PET10D305978720070926E /* PetScene.swift in Sources */ = {isa = PBXBuildFile; fileRef = D7PET00D305978720070926E /* PetScene.swift */; };
		D7PET10E305978720070926E /* AppDelegate.swift in Sources */ = {isa = PBXBuildFile; fileRef = D7PET00E305978720070926E /* AppDelegate.swift */; };
		D7PET10F305978720070926E /* PetCoordinator.swift in Sources */ = {isa = PBXBuildFile; fileRef = D7PET00F305978720070926E /* PetCoordinator.swift */; };
		D7PET110305978720070926E /* SleepWakeMonitor.swift in Sources */ = {isa = PBXBuildFile; fileRef = D7PET010305978720070926E /* SleepWakeMonitor.swift */; };
		D7PET111305978720070926E /* DebugStateInjector.swift in Sources */ = {isa = PBXBuildFile; fileRef = D7PET011305978720070926E /* DebugStateInjector.swift */; };
		D7PET112305978720070926E /* PetPanel.swift in Sources */ = {isa = PBXBuildFile; fileRef = D7PET012305978720070926E /* PetPanel.swift */; };
		D7PET113305978720070926E /* PetSpriteView.swift in Sources */ = {isa = PBXBuildFile; fileRef = D7PET013305978720070926E /* PetSpriteView.swift */; };
		D7PET114305978720070926E /* PetPanelController.swift in Sources */ = {isa = PBXBuildFile; fileRef = D7PET014305978720070926E /* PetPanelController.swift */; };
		D7PET115305978720070926E /* AnimationClip.swift in Sources */ = {isa = PBXBuildFile; fileRef = D7PET015305978720070926E /* AnimationClip.swift */; };
		D7PET116305978720070926E /* PetManifest.swift in Sources */ = {isa = PBXBuildFile; fileRef = D7PET016305978720070926E /* PetManifest.swift */; };
		D7PET117305978720070926E /* PetStateAnimationMapping.swift in Sources */ = {isa = PBXBuildFile; fileRef = D7PET017305978720070926E /* PetStateAnimationMapping.swift */; };
		D7PET118305978720070926E /* PetAssetLoader.swift in Sources */ = {isa = PBXBuildFile; fileRef = D7PET018305978720070926E /* PetAssetLoader.swift */; };
		D7PET119305978720070926E /* CharacterNode.swift in Sources */ = {isa = PBXBuildFile; fileRef = D7PET019305978720070926E /* CharacterNode.swift */; };
		D7PET11A305978720070926E /* PetRootNode.swift in Sources */ = {isa = PBXBuildFile; fileRef = D7PET01A305978720070926E /* PetRootNode.swift */; };
		D7PET11E305978720070926E /* PetTransientBehavior.swift in Sources */ = {isa = PBXBuildFile; fileRef = D7PET01B305978720070926E /* PetTransientBehavior.swift */; };
		D7PET11D305978720070926E /* Pets in Resources */ = {isa = PBXBuildFile; fileRef = D7PET20C305978720070926E /* Pets */; };
		D7PET11F305978720070926E /* AmbientBehaviorScheduler.swift in Sources */ = {isa = PBXBuildFile; fileRef = D7PET01C305978720070926E /* AmbientBehaviorScheduler.swift */; };
		D7PET120305978720070926E /* CleanupModels.swift in Sources */ = {isa = PBXBuildFile; fileRef = D7PET020305978720070926E /* CleanupModels.swift */; };
		D7PET121305978720070926E /* CleanupScanner.swift in Sources */ = {isa = PBXBuildFile; fileRef = D7PET021305978720070926E /* CleanupScanner.swift */; };
		D7PET122305978720070926E /* CleanupExecutor.swift in Sources */ = {isa = PBXBuildFile; fileRef = D7PET022305978720070926E /* CleanupExecutor.swift */; };
		D7PET123305978720070926E /* AppModel.swift in Sources */ = {isa = PBXBuildFile; fileRef = D7PET023305978720070926E /* AppModel.swift */; };
		D7PET124305978720070926E /* MainWindowController.swift in Sources */ = {isa = PBXBuildFile; fileRef = D7PET024305978720070926E /* MainWindowController.swift */; };
		D7PET125305978720070926E /* JoeyBubbleController.swift in Sources */ = {isa = PBXBuildFile; fileRef = D7PET025305978720070926E /* JoeyBubbleController.swift */; };
		D7PET126305978720070926E /* StatusColor.swift in Sources */ = {isa = PBXBuildFile; fileRef = D7PET026305978720070926E /* StatusColor.swift */; };
		D7PET127305978720070926E /* PetPreferences.swift in Sources */ = {isa = PBXBuildFile; fileRef = D7PET027305978720070926E /* PetPreferences.swift */; };
		D7PET128305978720070926E /* PetPosition.swift in Sources */ = {isa = PBXBuildFile; fileRef = D7PET028305978720070926E /* PetPosition.swift */; };
		D7PET129305978720070926E /* PetPositionStore.swift in Sources */ = {isa = PBXBuildFile; fileRef = D7PET029305978720070926E /* PetPositionStore.swift */; };
		D7PET12A305978720070926E /* LaunchAtLoginManager.swift in Sources */ = {isa = PBXBuildFile; fileRef = D7PET02A305978720070926E /* LaunchAtLoginManager.swift */; };
		D7SH001305978720070926EB /* AppShellState.swift in Sources */ = {isa = PBXBuildFile; fileRef = D7SH001305978720070926E /* AppShellState.swift */; };
		D7SH002305978720070926EB /* JoeyStageState.swift in Sources */ = {isa = PBXBuildFile; fileRef = D7SH002305978720070926E /* JoeyStageState.swift */; };
		D7SH003305978720070926EB /* ShellMetrics.swift in Sources */ = {isa = PBXBuildFile; fileRef = D7SH003305978720070926E /* ShellMetrics.swift */; };
		D7SH016305978720070926EB /* SettingsMetrics.swift in Sources */ = {isa = PBXBuildFile; fileRef = D7SH016305978720070926E /* SettingsMetrics.swift */; };
		D7SH017305978720070926EB /* SettingsFormComponents.swift in Sources */ = {isa = PBXBuildFile; fileRef = D7SH017305978720070926E /* SettingsFormComponents.swift */; };
		D7SH004305978720070926EB /* AppShellView.swift in Sources */ = {isa = PBXBuildFile; fileRef = D7SH004305978720070926E /* AppShellView.swift */; };
		D7SH005305978720070926EB /* JoeyStageView.swift in Sources */ = {isa = PBXBuildFile; fileRef = D7SH005305978720070926E /* JoeyStageView.swift */; };
		D7SH006305978720070926EB /* MacCareRootView.swift in Sources */ = {isa = PBXBuildFile; fileRef = D7SH006305978720070926E /* MacCareRootView.swift */; };
		D7MAC001305978720070926EB /* MacCareHomePresentation.swift in Sources */ = {isa = PBXBuildFile; fileRef = D7MAC001305978720070926E /* MacCareHomePresentation.swift */; };
		D7MAC002305978720070926EB /* MacCareHomeView.swift in Sources */ = {isa = PBXBuildFile; fileRef = D7MAC002305978720070926E /* MacCareHomeView.swift */; };
		D7MAC003305978720070926EB /* MacCareHomeMetrics.swift in Sources */ = {isa = PBXBuildFile; fileRef = D7MAC003305978720070926E /* MacCareHomeMetrics.swift */; };
		D7MAC004305978720070926EB /* StorageCompositionDonutView.swift in Sources */ = {isa = PBXBuildFile; fileRef = D7MAC004305978720070926E /* StorageCompositionDonutView.swift */; };
		D7MAC005305978720070926EB /* MacCareHomeMotion.swift in Sources */ = {isa = PBXBuildFile; fileRef = D7MAC005305978720070926E /* MacCareHomeMotion.swift */; };
		D7STO001305978720070926EB /* StorageComposition.swift in Sources */ = {isa = PBXBuildFile; fileRef = D7STO001305978720070926E /* StorageComposition.swift */; };
		D7STO002305978720070926EB /* StorageCategoryEstimator.swift in Sources */ = {isa = PBXBuildFile; fileRef = D7STO002305978720070926E /* StorageCategoryEstimator.swift */; };
		D7MEM002305978720070926EB /* MemoryMetricsReader.swift in Sources */ = {isa = PBXBuildFile; fileRef = D7MEM001305978720070926E /* MemoryMetricsReader.swift */; };
		D7SH007305978720070926EB /* LegacyCleanupView.swift in Sources */ = {isa = PBXBuildFile; fileRef = D7SH007305978720070926E /* LegacyCleanupView.swift */; };
		D7SH008305978720070926EB /* WorkRhythmRootView.swift in Sources */ = {isa = PBXBuildFile; fileRef = D7SH008305978720070926E /* WorkRhythmRootView.swift */; };
		D7SH009305978720070926EB /* SettingsRootView.swift in Sources */ = {isa = PBXBuildFile; fileRef = D7SH009305978720070926E /* SettingsRootView.swift */; };
		D7SH010305978720070926EB /* LegacySettingsFormView.swift in Sources */ = {isa = PBXBuildFile; fileRef = D7SH010305978720070926E /* LegacySettingsFormView.swift */; };
		D7SH011305978720070926EB /* StatusLabel.swift in Sources */ = {isa = PBXBuildFile; fileRef = D7SH011305978720070926E /* StatusLabel.swift */; };
		D7SH012305978720070926EB /* UnifiedWindowNavigation.swift in Sources */ = {isa = PBXBuildFile; fileRef = D7SH012305978720070926E /* UnifiedWindowNavigation.swift */; };
		D7SH013305978720070926EB /* FeaturePageNavigationHeader.swift in Sources */ = {isa = PBXBuildFile; fileRef = D7SH013305978720070926E /* FeaturePageNavigationHeader.swift */; };
		D7SH014305978720070926EB /* MainWindowChrome.swift in Sources */ = {isa = PBXBuildFile; fileRef = D7SH014305978720070926E /* MainWindowChrome.swift */; };
		D7SH015305978720070926EB /* SettingsGlobalToolbarControls.swift in Sources */ = {isa = PBXBuildFile; fileRef = D7SH015305978720070926E /* SettingsGlobalToolbarControls.swift */; };
/* End PBXBuildFile section */

/* Begin PBXContainerItemProxy section */
		D7BABD47305976430070926E /* PBXContainerItemProxy */ = {
			isa = PBXContainerItemProxy;
			containerPortal = D7BABD31305976420070926E /* Project object */;
			proxyType = 1;
			remoteGlobalIDString = D7BABD38305976420070926E;
			remoteInfo = JoeyPet;
		};
/* End PBXContainerItemProxy section */

/* Begin PBXFileReference section */
		D7BABD39305976420070926E /* JoeyPet.app */ = {isa = PBXFileReference; explicitFileType = wrapper.application; includeInIndex = 0; path = JoeyPet.app; sourceTree = BUILT_PRODUCTS_DIR; };
		D7BABD46305976430070926E /* JoeyPetTests.xctest */ = {isa = PBXFileReference; explicitFileType = wrapper.cfbundle; includeInIndex = 0; path = JoeyPetTests.xctest; sourceTree = BUILT_PRODUCTS_DIR; };
		D7BABD63305978720070926E /* Assets.xcassets */ = {isa = PBXFileReference; lastKnownFileType = folder.assetcatalog; path = Assets.xcassets; sourceTree = "<group>"; };
		D7BABD65305978720070926E /* JoeyPetApp.swift */ = {isa = PBXFileReference; lastKnownFileType = sourcecode.swift; path = JoeyPetApp.swift; sourceTree = "<group>"; };
		D7BABD6A305978E70070926E /* JoeyPetTests.swift */ = {isa = PBXFileReference; lastKnownFileType = sourcecode.swift; path = JoeyPetTests.swift; sourceTree = "<group>"; };
		D7PET001305978720070926E /* SignalSeverity.swift */ = {isa = PBXFileReference; lastKnownFileType = sourcecode.swift; path = SignalSeverity.swift; sourceTree = "<group>"; };
		D7PET002305978720070926E /* PetState.swift */ = {isa = PBXFileReference; lastKnownFileType = sourcecode.swift; path = PetState.swift; sourceTree = "<group>"; };
		D7PET003305978720070926E /* SystemSignal.swift */ = {isa = PBXFileReference; lastKnownFileType = sourcecode.swift; path = SystemSignal.swift; sourceTree = "<group>"; };
		D7PET004305978720070926E /* PetBehavior.swift */ = {isa = PBXFileReference; lastKnownFileType = sourcecode.swift; path = PetBehavior.swift; sourceTree = "<group>"; };
		D7PET005305978720070926E /* SensorThresholds.swift */ = {isa = PBXFileReference; lastKnownFileType = sourcecode.swift; path = SensorThresholds.swift; sourceTree = "<group>"; };
		D7PET006305978720070926E /* BehaviorEngine.swift */ = {isa = PBXFileReference; lastKnownFileType = sourcecode.swift; path = BehaviorEngine.swift; sourceTree = "<group>"; };
		D7PET007305978720070926E /* SystemSensor.swift */ = {isa = PBXFileReference; lastKnownFileType = sourcecode.swift; path = SystemSensor.swift; sourceTree = "<group>"; };
		D7PET008305978720070926E /* ThermalSensor.swift */ = {isa = PBXFileReference; lastKnownFileType = sourcecode.swift; path = ThermalSensor.swift; sourceTree = "<group>"; };
		D7PET009305978720070926E /* MemoryPressureSensor.swift */ = {isa = PBXFileReference; lastKnownFileType = sourcecode.swift; path = MemoryPressureSensor.swift; sourceTree = "<group>"; };
		D7PET00A305978720070926E /* StorageSensor.swift */ = {isa = PBXFileReference; lastKnownFileType = sourcecode.swift; path = StorageSensor.swift; sourceTree = "<group>"; };
		D7PET00B305978720070926E /* SensorHub.swift */ = {isa = PBXFileReference; lastKnownFileType = sourcecode.swift; path = SensorHub.swift; sourceTree = "<group>"; };
		D7PET00C305978720070926E /* PetRuntime.swift */ = {isa = PBXFileReference; lastKnownFileType = sourcecode.swift; path = PetRuntime.swift; sourceTree = "<group>"; };
		D7PET00D305978720070926E /* PetScene.swift */ = {isa = PBXFileReference; lastKnownFileType = sourcecode.swift; path = PetScene.swift; sourceTree = "<group>"; };
		D7PET00E305978720070926E /* AppDelegate.swift */ = {isa = PBXFileReference; lastKnownFileType = sourcecode.swift; path = AppDelegate.swift; sourceTree = "<group>"; };
		D7PET00F305978720070926E /* PetCoordinator.swift */ = {isa = PBXFileReference; lastKnownFileType = sourcecode.swift; path = PetCoordinator.swift; sourceTree = "<group>"; };
		D7PET010305978720070926E /* SleepWakeMonitor.swift */ = {isa = PBXFileReference; lastKnownFileType = sourcecode.swift; path = SleepWakeMonitor.swift; sourceTree = "<group>"; };
		D7PET011305978720070926E /* DebugStateInjector.swift */ = {isa = PBXFileReference; lastKnownFileType = sourcecode.swift; path = DebugStateInjector.swift; sourceTree = "<group>"; };
		D7PET012305978720070926E /* PetPanel.swift */ = {isa = PBXFileReference; lastKnownFileType = sourcecode.swift; path = PetPanel.swift; sourceTree = "<group>"; };
		D7PET013305978720070926E /* PetSpriteView.swift */ = {isa = PBXFileReference; lastKnownFileType = sourcecode.swift; path = PetSpriteView.swift; sourceTree = "<group>"; };
		D7PET014305978720070926E /* PetPanelController.swift */ = {isa = PBXFileReference; lastKnownFileType = sourcecode.swift; path = PetPanelController.swift; sourceTree = "<group>"; };
		D7PET015305978720070926E /* AnimationClip.swift */ = {isa = PBXFileReference; lastKnownFileType = sourcecode.swift; path = AnimationClip.swift; sourceTree = "<group>"; };
		D7PET016305978720070926E /* PetManifest.swift */ = {isa = PBXFileReference; lastKnownFileType = sourcecode.swift; path = PetManifest.swift; sourceTree = "<group>"; };
		D7PET017305978720070926E /* PetStateAnimationMapping.swift */ = {isa = PBXFileReference; lastKnownFileType = sourcecode.swift; path = PetStateAnimationMapping.swift; sourceTree = "<group>"; };
		D7PET018305978720070926E /* PetAssetLoader.swift */ = {isa = PBXFileReference; lastKnownFileType = sourcecode.swift; path = PetAssetLoader.swift; sourceTree = "<group>"; };
		D7PET019305978720070926E /* CharacterNode.swift */ = {isa = PBXFileReference; lastKnownFileType = sourcecode.swift; path = CharacterNode.swift; sourceTree = "<group>"; };
		D7PET01A305978720070926E /* PetRootNode.swift */ = {isa = PBXFileReference; lastKnownFileType = sourcecode.swift; path = PetRootNode.swift; sourceTree = "<group>"; };
		D7PET01B305978720070926E /* PetTransientBehavior.swift */ = {isa = PBXFileReference; lastKnownFileType = sourcecode.swift; path = PetTransientBehavior.swift; sourceTree = "<group>"; };
		D7PET01C305978720070926E /* AmbientBehaviorScheduler.swift */ = {isa = PBXFileReference; lastKnownFileType = sourcecode.swift; path = AmbientBehaviorScheduler.swift; sourceTree = "<group>"; };
		D7PET20C305978720070926E /* Pets */ = {isa = PBXFileReference; lastKnownFileType = folder; name = Pets; path = src/JoeyPet/Resources/Pets; sourceTree = SOURCE_ROOT; };
		D7PET020305978720070926E /* CleanupModels.swift */ = {isa = PBXFileReference; lastKnownFileType = sourcecode.swift; path = CleanupModels.swift; sourceTree = "<group>"; };
		D7PET021305978720070926E /* CleanupScanner.swift */ = {isa = PBXFileReference; lastKnownFileType = sourcecode.swift; path = CleanupScanner.swift; sourceTree = "<group>"; };
		D7PET022305978720070926E /* CleanupExecutor.swift */ = {isa = PBXFileReference; lastKnownFileType = sourcecode.swift; path = CleanupExecutor.swift; sourceTree = "<group>"; };
		D7PET023305978720070926E /* AppModel.swift */ = {isa = PBXFileReference; lastKnownFileType = sourcecode.swift; path = AppModel.swift; sourceTree = "<group>"; };
		D7PET024305978720070926E /* MainWindowController.swift */ = {isa = PBXFileReference; lastKnownFileType = sourcecode.swift; path = MainWindowController.swift; sourceTree = "<group>"; };
		D7PET025305978720070926E /* JoeyBubbleController.swift */ = {isa = PBXFileReference; lastKnownFileType = sourcecode.swift; path = JoeyBubbleController.swift; sourceTree = "<group>"; };
		D7PET026305978720070926E /* StatusColor.swift */ = {isa = PBXFileReference; lastKnownFileType = sourcecode.swift; path = StatusColor.swift; sourceTree = "<group>"; };
		D7PET027305978720070926E /* PetPreferences.swift */ = {isa = PBXFileReference; lastKnownFileType = sourcecode.swift; path = PetPreferences.swift; sourceTree = "<group>"; };
		D7PET028305978720070926E /* PetPosition.swift */ = {isa = PBXFileReference; lastKnownFileType = sourcecode.swift; path = PetPosition.swift; sourceTree = "<group>"; };
		D7PET029305978720070926E /* PetPositionStore.swift */ = {isa = PBXFileReference; lastKnownFileType = sourcecode.swift; path = PetPositionStore.swift; sourceTree = "<group>"; };
		D7PET02A305978720070926E /* LaunchAtLoginManager.swift */ = {isa = PBXFileReference; lastKnownFileType = sourcecode.swift; path = LaunchAtLoginManager.swift; sourceTree = "<group>"; };
		D7SH001305978720070926E /* AppShellState.swift */ = {isa = PBXFileReference; lastKnownFileType = sourcecode.swift; path = AppShellState.swift; sourceTree = "<group>"; };
		D7SH002305978720070926E /* JoeyStageState.swift */ = {isa = PBXFileReference; lastKnownFileType = sourcecode.swift; path = JoeyStageState.swift; sourceTree = "<group>"; };
		D7SH003305978720070926E /* ShellMetrics.swift */ = {isa = PBXFileReference; lastKnownFileType = sourcecode.swift; path = ShellMetrics.swift; sourceTree = "<group>"; };
		D7SH016305978720070926E /* SettingsMetrics.swift */ = {isa = PBXFileReference; lastKnownFileType = sourcecode.swift; path = SettingsMetrics.swift; sourceTree = "<group>"; };
		D7SH017305978720070926E /* SettingsFormComponents.swift */ = {isa = PBXFileReference; lastKnownFileType = sourcecode.swift; path = SettingsFormComponents.swift; sourceTree = "<group>"; };
		D7SH004305978720070926E /* AppShellView.swift */ = {isa = PBXFileReference; lastKnownFileType = sourcecode.swift; path = AppShellView.swift; sourceTree = "<group>"; };
		D7SH005305978720070926E /* JoeyStageView.swift */ = {isa = PBXFileReference; lastKnownFileType = sourcecode.swift; path = JoeyStageView.swift; sourceTree = "<group>"; };
		D7SH006305978720070926E /* MacCareRootView.swift */ = {isa = PBXFileReference; lastKnownFileType = sourcecode.swift; path = MacCareRootView.swift; sourceTree = "<group>"; };
		D7MAC001305978720070926E /* MacCareHomePresentation.swift */ = {isa = PBXFileReference; lastKnownFileType = sourcecode.swift; path = MacCareHomePresentation.swift; sourceTree = "<group>"; };
		D7MAC002305978720070926E /* MacCareHomeView.swift */ = {isa = PBXFileReference; lastKnownFileType = sourcecode.swift; path = MacCareHomeView.swift; sourceTree = "<group>"; };
		D7MAC003305978720070926E /* MacCareHomeMetrics.swift */ = {isa = PBXFileReference; lastKnownFileType = sourcecode.swift; path = MacCareHomeMetrics.swift; sourceTree = "<group>"; };
		D7MAC004305978720070926E /* StorageCompositionDonutView.swift */ = {isa = PBXFileReference; lastKnownFileType = sourcecode.swift; path = StorageCompositionDonutView.swift; sourceTree = "<group>"; };
		D7MAC005305978720070926E /* MacCareHomeMotion.swift */ = {isa = PBXFileReference; lastKnownFileType = sourcecode.swift; path = MacCareHomeMotion.swift; sourceTree = "<group>"; };
		D7STO001305978720070926E /* StorageComposition.swift */ = {isa = PBXFileReference; lastKnownFileType = sourcecode.swift; path = StorageComposition.swift; sourceTree = "<group>"; };
		D7STO002305978720070926E /* StorageCategoryEstimator.swift */ = {isa = PBXFileReference; lastKnownFileType = sourcecode.swift; path = StorageCategoryEstimator.swift; sourceTree = "<group>"; };
		D7MEM001305978720070926E /* MemoryMetricsReader.swift */ = {isa = PBXFileReference; lastKnownFileType = sourcecode.swift; path = MemoryMetricsReader.swift; sourceTree = "<group>"; };
		D7SH007305978720070926E /* LegacyCleanupView.swift */ = {isa = PBXFileReference; lastKnownFileType = sourcecode.swift; path = LegacyCleanupView.swift; sourceTree = "<group>"; };
		D7SH008305978720070926E /* WorkRhythmRootView.swift */ = {isa = PBXFileReference; lastKnownFileType = sourcecode.swift; path = WorkRhythmRootView.swift; sourceTree = "<group>"; };
		D7SH009305978720070926E /* SettingsRootView.swift */ = {isa = PBXFileReference; lastKnownFileType = sourcecode.swift; path = SettingsRootView.swift; sourceTree = "<group>"; };
		D7SH010305978720070926E /* LegacySettingsFormView.swift */ = {isa = PBXFileReference; lastKnownFileType = sourcecode.swift; path = LegacySettingsFormView.swift; sourceTree = "<group>"; };
		D7SH011305978720070926E /* StatusLabel.swift */ = {isa = PBXFileReference; lastKnownFileType = sourcecode.swift; path = StatusLabel.swift; sourceTree = "<group>"; };
		D7SH012305978720070926E /* UnifiedWindowNavigation.swift */ = {isa = PBXFileReference; lastKnownFileType = sourcecode.swift; path = UnifiedWindowNavigation.swift; sourceTree = "<group>"; };
		D7SH013305978720070926E /* FeaturePageNavigationHeader.swift */ = {isa = PBXFileReference; lastKnownFileType = sourcecode.swift; path = FeaturePageNavigationHeader.swift; sourceTree = "<group>"; };
		D7SH014305978720070926E /* MainWindowChrome.swift */ = {isa = PBXFileReference; lastKnownFileType = sourcecode.swift; path = MainWindowChrome.swift; sourceTree = "<group>"; };
		D7SH015305978720070926E /* SettingsGlobalToolbarControls.swift */ = {isa = PBXFileReference; lastKnownFileType = sourcecode.swift; path = SettingsGlobalToolbarControls.swift; sourceTree = "<group>"; };
/* End PBXFileReference section */

/* Begin PBXFrameworksBuildPhase section */
		D7BABD36305976420070926E /* Frameworks */ = {
			isa = PBXFrameworksBuildPhase;
			buildActionMask = 2147483647;
			files = (
			);
			runOnlyForDeploymentPostprocessing = 0;
		};
		D7BABD43305976430070926E /* Frameworks */ = {
			isa = PBXFrameworksBuildPhase;
			buildActionMask = 2147483647;
			files = (
			);
			runOnlyForDeploymentPostprocessing = 0;
		};
/* End PBXFrameworksBuildPhase section */

/* Begin PBXGroup section */
		D7BABD30305976420070926E = {
			isa = PBXGroup;
			children = (
				D7BABD6B305978E70070926E /* JoeyPetTests */,
				D7BABD66305978720070926E /* JoeyPet */,
				D7BABD3A305976420070926E /* Products */,
			);
			sourceTree = "<group>";
		};
		D7BABD3A305976420070926E /* Products */ = {
			isa = PBXGroup;
			children = (
				D7BABD39305976420070926E /* JoeyPet.app */,
				D7BABD46305976430070926E /* JoeyPetTests.xctest */,
			);
			name = Products;
			sourceTree = "<group>";
		};
		D7BABD66305978720070926E /* JoeyPet */ = {
			isa = PBXGroup;
			children = (
				D7PET207305978720070926E /* App */,
				D7SHGRPDES /* Design */,
				D7SHGRPFEAT /* Features */,
				D7PET20D305978720070926E /* Behavior */,
				D7PET201305978720070926E /* Domain */,
				D7PET204305978720070926E /* Pet */,
				D7PET202305978720070926E /* System */,
				D7PET208305978720070926E /* UI */,
				D7PET210305978720070926E /* Utilities */,
				D7PET209305978720070926E /* Resources */,
				D7BABD63305978720070926E /* Assets.xcassets */,
						D7BABD65305978720070926E /* JoeyPetApp.swift */,
			);
			name = JoeyPet;
			path = src/JoeyPet;
			sourceTree = "<group>";
		};
		D7PET20D305978720070926E /* Behavior */ = {
			isa = PBXGroup;
			children = (
				D7PET01C305978720070926E /* AmbientBehaviorScheduler.swift */,
			);
			path = Behavior;
			sourceTree = "<group>";
		};
		D7PET201305978720070926E /* Domain */ = {
			isa = PBXGroup;
			children = (
				D7PET015305978720070926E /* AnimationClip.swift */,
				D7PET006305978720070926E /* BehaviorEngine.swift */,
				D7PET016305978720070926E /* PetManifest.swift */,
				D7PET004305978720070926E /* PetBehavior.swift */,
				D7PET01B305978720070926E /* PetTransientBehavior.swift */,
				D7PET002305978720070926E /* PetState.swift */,
				D7PET005305978720070926E /* SensorThresholds.swift */,
				D7PET001305978720070926E /* SignalSeverity.swift */,
				D7PET003305978720070926E /* SystemSignal.swift */,
				D7PET020305978720070926E /* CleanupModels.swift */,
				D7PET027305978720070926E /* PetPreferences.swift */,
				D7PET028305978720070926E /* PetPosition.swift */,
				D7STO001305978720070926E /* StorageComposition.swift */,
			);
			path = Domain;
			sourceTree = "<group>";
		};
		D7PET202305978720070926E /* System */ = {
			isa = PBXGroup;
			children = (
				D7PET203305978720070926E /* Sensors */,
				D7STOGR305978720070926E /* Storage */,
			);
			path = System;
			sourceTree = "<group>";
		};
		D7STOGR305978720070926E /* Storage */ = {
			isa = PBXGroup;
			children = (
				D7STO002305978720070926E /* StorageCategoryEstimator.swift */,
			);
			path = Storage;
			sourceTree = "<group>";
		};
		D7PET203305978720070926E /* Sensors */ = {
			isa = PBXGroup;
			children = (
				D7PET009305978720070926E /* MemoryPressureSensor.swift */,
				D7PET00B305978720070926E /* SensorHub.swift */,
				D7MEM001305978720070926E /* MemoryMetricsReader.swift */,
				D7PET007305978720070926E /* SystemSensor.swift */,
				D7PET00A305978720070926E /* StorageSensor.swift */,
				D7PET008305978720070926E /* ThermalSensor.swift */,
			);
			path = Sensors;
			sourceTree = "<group>";
		};
		D7PET204305978720070926E /* Pet */ = {
			isa = PBXGroup;
			children = (
				D7PET205305978720070926E /* Runtime */,
				D7PET206305978720070926E /* Sprite */,
			);
			path = Pet;
			sourceTree = "<group>";
		};
		D7PET205305978720070926E /* Runtime */ = {
			isa = PBXGroup;
			children = (
				D7PET018305978720070926E /* PetAssetLoader.swift */,
				D7PET00C305978720070926E /* PetRuntime.swift */,
				D7PET017305978720070926E /* PetStateAnimationMapping.swift */,
			);
			path = Runtime;
			sourceTree = "<group>";
		};
		D7PET206305978720070926E /* Sprite */ = {
			isa = PBXGroup;
			children = (
				D7PET019305978720070926E /* CharacterNode.swift */,
				D7PET00D305978720070926E /* PetScene.swift */,
				D7PET01A305978720070926E /* PetRootNode.swift */,
			);
			path = Sprite;
			sourceTree = "<group>";
		};
		D7PET209305978720070926E /* Resources */ = {
			isa = PBXGroup;
			children = (
				D7PET20A305978720070926E /* Pets */,
			);
			path = Resources;
			sourceTree = "<group>";
		};
		D7PET20A305978720070926E /* Pets */ = {
			isa = PBXGroup;
			children = (
				D7PET20C305978720070926E /* Pets */,
			);
			name = Pets;
			sourceTree = "<group>";
		};
		D7SHGRPFEAT /* Features */ = {
			isa = PBXGroup;
			children = (
				D7SHGRPSHELL /* Shell */,
				D7SHGRPMAC /* MacCare */,
				D7SHGRPWR /* WorkRhythm */,
				D7SHGRPSET /* Settings */,
			);
			path = Features;
			sourceTree = "<group>";
		};
		D7SHGRPDES /* Design */ = {
			isa = PBXGroup;
			children = (
				D7SH003305978720070926E /* ShellMetrics.swift */,
				D7SH016305978720070926E /* SettingsMetrics.swift */,
			);
			path = Design;
			sourceTree = "<group>";
		};
		D7SHGRPSHELL /* Shell */ = {
			isa = PBXGroup;
			children = (
				D7SH004305978720070926E /* AppShellView.swift */,
				D7SH012305978720070926E /* UnifiedWindowNavigation.swift */,
				D7SH015305978720070926E /* SettingsGlobalToolbarControls.swift */,
				D7SH013305978720070926E /* FeaturePageNavigationHeader.swift */,
				D7SH005305978720070926E /* JoeyStageView.swift */,
			);
			path = Shell;
			sourceTree = "<group>";
		};
		D7SHGRPMAC /* MacCare */ = {
			isa = PBXGroup;
			children = (
				D7SH006305978720070926E /* MacCareRootView.swift */,
				D7MAC001305978720070926E /* MacCareHomePresentation.swift */,
				D7MAC002305978720070926E /* MacCareHomeView.swift */,
				D7MAC003305978720070926E /* MacCareHomeMetrics.swift */,
				D7MAC004305978720070926E /* StorageCompositionDonutView.swift */,
				D7MAC005305978720070926E /* MacCareHomeMotion.swift */,
				D7SH007305978720070926E /* LegacyCleanupView.swift */,
			);
			path = MacCare;
			sourceTree = "<group>";
		};
		D7SHGRPWR /* WorkRhythm */ = {
			isa = PBXGroup;
			children = (
				D7SH008305978720070926E /* WorkRhythmRootView.swift */,
			);
			path = WorkRhythm;
			sourceTree = "<group>";
		};
		D7SHGRPSET /* Settings */ = {
			isa = PBXGroup;
			children = (
				D7SH009305978720070926E /* SettingsRootView.swift */,
				D7SH017305978720070926E /* SettingsFormComponents.swift */,
				D7SH010305978720070926E /* LegacySettingsFormView.swift */,
			);
			path = Settings;
			sourceTree = "<group>";
		};
		D7PET207305978720070926E /* App */ = {
			isa = PBXGroup;
			children = (
				D7PET00E305978720070926E /* AppDelegate.swift */,
				D7PET011305978720070926E /* DebugStateInjector.swift */,
				D7PET00F305978720070926E /* PetCoordinator.swift */,
				D7PET010305978720070926E /* SleepWakeMonitor.swift */,
				D7PET023305978720070926E /* AppModel.swift */,
				D7PET02A305978720070926E /* LaunchAtLoginManager.swift */,
				D7SH001305978720070926E /* AppShellState.swift */,
				D7SH002305978720070926E /* JoeyStageState.swift */,
			);
			path = App;
			sourceTree = "<group>";
		};
		D7PET208305978720070926E /* UI */ = {
			isa = PBXGroup;
			children = (
				D7PET012305978720070926E /* PetPanel.swift */,
				D7PET014305978720070926E /* PetPanelController.swift */,
				D7PET013305978720070926E /* PetSpriteView.swift */,
				D7PET024305978720070926E /* MainWindowController.swift */,
				D7SH014305978720070926E /* MainWindowChrome.swift */,
				D7PET025305978720070926E /* JoeyBubbleController.swift */,
				D7PET026305978720070926E /* StatusColor.swift */,
				D7SH011305978720070926E /* StatusLabel.swift */,
			);
			path = UI;
			sourceTree = "<group>";
		};
		D7PET210305978720070926E /* Utilities */ = {
			isa = PBXGroup;
			children = (
				D7PET021305978720070926E /* CleanupScanner.swift */,
				D7PET022305978720070926E /* CleanupExecutor.swift */,
				D7PET029305978720070926E /* PetPositionStore.swift */,
			);
			path = Utilities;
			sourceTree = "<group>";
		};
		D7BABD6B305978E70070926E /* JoeyPetTests */ = {
			isa = PBXGroup;
			children = (
				D7BABD6A305978E70070926E /* JoeyPetTests.swift */,
			);
			name = JoeyPetTests;
			path = tests/JoeyPetTests;
			sourceTree = "<group>";
		};
/* End PBXGroup section */

/* Begin PBXNativeTarget section */
		D7BABD38305976420070926E /* JoeyPet */ = {
			isa = PBXNativeTarget;
			buildConfigurationList = D7BABD5A305976430070926E /* Build configuration list for PBXNativeTarget "JoeyPet" */;
			buildPhases = (
				D7BABD35305976420070926E /* Sources */,
				D7BABD36305976420070926E /* Frameworks */,
				D7BABD37305976420070926E /* Resources */,
			);
			buildRules = (
			);
			dependencies = (
			);
			name = JoeyPet;
			packageProductDependencies = (
			);
			productName = JoeyPet;
			productReference = D7BABD39305976420070926E /* JoeyPet.app */;
			productType = "com.apple.product-type.application";
		};
		D7BABD45305976430070926E /* JoeyPetTests */ = {
			isa = PBXNativeTarget;
			buildConfigurationList = D7BABD5D305976430070926E /* Build configuration list for PBXNativeTarget "JoeyPetTests" */;
			buildPhases = (
				D7BABD42305976430070926E /* Sources */,
				D7BABD43305976430070926E /* Frameworks */,
				D7BABD44305976430070926E /* Resources */,
			);
			buildRules = (
			);
			dependencies = (
				D7BABD48305976430070926E /* PBXTargetDependency */,
			);
			name = JoeyPetTests;
			packageProductDependencies = (
			);
			productName = JoeyPetTests;
			productReference = D7BABD46305976430070926E /* JoeyPetTests.xctest */;
			productType = "com.apple.product-type.bundle.unit-test";
		};
/* End PBXNativeTarget section */

/* Begin PBXProject section */
		D7BABD31305976420070926E /* Project object */ = {
			isa = PBXProject;
			attributes = {
				BuildIndependentTargetsInParallel = 1;
				LastSwiftUpdateCheck = 2660;
				LastUpgradeCheck = 2660;
				TargetAttributes = {
					D7BABD38305976420070926E = {
						CreatedOnToolsVersion = 26.6;
					};
					D7BABD45305976430070926E = {
						CreatedOnToolsVersion = 26.6;
						TestTargetID = D7BABD38305976420070926E;
					};
				};
			};
			buildConfigurationList = D7BABD34305976420070926E /* Build configuration list for PBXProject "JoeyPet" */;
			developmentRegion = en;
			hasScannedForEncodings = 0;
			knownRegions = (
				en,
				Base,
			);
			mainGroup = D7BABD30305976420070926E;
			minimizedProjectReferenceProxies = 1;
			preferredProjectObjectVersion = 77;
			productRefGroup = D7BABD3A305976420070926E /* Products */;
			projectDirPath = "";
			projectRoot = "";
			targets = (
				D7BABD38305976420070926E /* JoeyPet */,
				D7BABD45305976430070926E /* JoeyPetTests */,
			);
		};
/* End PBXProject section */

/* Begin PBXResourcesBuildPhase section */
		D7BABD37305976420070926E /* Resources */ = {
			isa = PBXResourcesBuildPhase;
			buildActionMask = 2147483647;
			files = (
				D7BABD69305978720070926E /* Assets.xcassets in Resources */,
				D7PET11D305978720070926E /* Pets in Resources */,
			);
			runOnlyForDeploymentPostprocessing = 0;
		};
		D7BABD44305976430070926E /* Resources */ = {
			isa = PBXResourcesBuildPhase;
			buildActionMask = 2147483647;
			files = (
			);
			runOnlyForDeploymentPostprocessing = 0;
		};
/* End PBXResourcesBuildPhase section */

/* Begin PBXSourcesBuildPhase section */
		D7BABD35305976420070926E /* Sources */ = {
			isa = PBXSourcesBuildPhase;
			buildActionMask = 2147483647;
			files = (
				D7PET115305978720070926E /* AnimationClip.swift in Sources */,
				D7PET123305978720070926E /* AppModel.swift in Sources */,
				D7PET10E305978720070926E /* AppDelegate.swift in Sources */,
				D7PET106305978720070926E /* BehaviorEngine.swift in Sources */,
				D7PET119305978720070926E /* CharacterNode.swift in Sources */,
				D7PET120305978720070926E /* CleanupModels.swift in Sources */,
				D7PET122305978720070926E /* CleanupExecutor.swift in Sources */,
				D7PET121305978720070926E /* CleanupScanner.swift in Sources */,
						D7PET111305978720070926E /* DebugStateInjector.swift in Sources */,
				D7SH001305978720070926EB /* AppShellState.swift in Sources */,
		D7SH002305978720070926EB /* JoeyStageState.swift in Sources */,
		D7SH003305978720070926EB /* ShellMetrics.swift in Sources */,
		D7SH016305978720070926EB /* SettingsMetrics.swift in Sources */,
		D7SH017305978720070926EB /* SettingsFormComponents.swift in Sources */,
		D7SH004305978720070926EB /* AppShellView.swift in Sources */,
		D7SH005305978720070926EB /* JoeyStageView.swift in Sources */,
				D7SH006305978720070926EB /* MacCareRootView.swift in Sources */,
				D7MAC001305978720070926EB /* MacCareHomePresentation.swift in Sources */,
				D7MAC002305978720070926EB /* MacCareHomeView.swift in Sources */,
				D7MAC003305978720070926EB /* MacCareHomeMetrics.swift in Sources */,
				D7MAC004305978720070926EB /* StorageCompositionDonutView.swift in Sources */,
				D7MAC005305978720070926EB /* MacCareHomeMotion.swift in Sources */,
				D7STO001305978720070926EB /* StorageComposition.swift in Sources */,
				D7STO002305978720070926EB /* StorageCategoryEstimator.swift in Sources */,
		D7SH007305978720070926EB /* LegacyCleanupView.swift in Sources */,
		D7SH008305978720070926EB /* WorkRhythmRootView.swift in Sources */,
		D7SH009305978720070926EB /* SettingsRootView.swift in Sources */,
		D7SH010305978720070926EB /* LegacySettingsFormView.swift in Sources */,
		D7SH011305978720070926EB /* StatusLabel.swift in Sources */,
		D7SH012305978720070926EB /* UnifiedWindowNavigation.swift in Sources */,
		D7SH013305978720070926EB /* FeaturePageNavigationHeader.swift in Sources */,
		D7SH014305978720070926EB /* MainWindowChrome.swift in Sources */,
		D7SH015305978720070926EB /* SettingsGlobalToolbarControls.swift in Sources */,
		D7BABD67305978720070926E /* JoeyPetApp.swift in Sources */,
				D7PET109305978720070926E /* MemoryPressureSensor.swift in Sources */,
				D7PET104305978720070926E /* PetBehavior.swift in Sources */,
				D7PET10F305978720070926E /* PetCoordinator.swift in Sources */,
				D7PET112305978720070926E /* PetPanel.swift in Sources */,
				D7PET114305978720070926E /* PetPanelController.swift in Sources */,
				D7PET118305978720070926E /* PetAssetLoader.swift in Sources */,
				D7PET116305978720070926E /* PetManifest.swift in Sources */,
				D7PET10C305978720070926E /* PetRuntime.swift in Sources */,
				D7PET10D305978720070926E /* PetScene.swift in Sources */,
				D7PET11A305978720070926E /* PetRootNode.swift in Sources */,
				D7PET117305978720070926E /* PetStateAnimationMapping.swift in Sources */,
				D7PET102305978720070926E /* PetState.swift in Sources */,
				D7PET11E305978720070926E /* PetTransientBehavior.swift in Sources */,
				D7PET113305978720070926E /* PetSpriteView.swift in Sources */,
				D7PET10B305978720070926E /* SensorHub.swift in Sources */,
				D7MEM002305978720070926EB /* MemoryMetricsReader.swift in Sources */,
				D7PET105305978720070926E /* SensorThresholds.swift in Sources */,
				D7PET101305978720070926E /* SignalSeverity.swift in Sources */,
				D7PET110305978720070926E /* SleepWakeMonitor.swift in Sources */,
				D7PET10A305978720070926E /* StorageSensor.swift in Sources */,
				D7PET103305978720070926E /* SystemSignal.swift in Sources */,
				D7PET127305978720070926E /* PetPreferences.swift in Sources */,
				D7PET128305978720070926E /* PetPosition.swift in Sources */,
				D7PET129305978720070926E /* PetPositionStore.swift in Sources */,
				D7PET12A305978720070926E /* LaunchAtLoginManager.swift in Sources */,
				D7PET107305978720070926E /* SystemSensor.swift in Sources */,
				D7PET108305978720070926E /* ThermalSensor.swift in Sources */,
				D7PET11F305978720070926E /* AmbientBehaviorScheduler.swift in Sources */,
				D7PET125305978720070926E /* JoeyBubbleController.swift in Sources */,
				D7PET124305978720070926E /* MainWindowController.swift in Sources */,
				D7PET126305978720070926E /* StatusColor.swift in Sources */,
			);
			runOnlyForDeploymentPostprocessing = 0;
		};
		D7BABD42305976430070926E /* Sources */ = {
			isa = PBXSourcesBuildPhase;
			buildActionMask = 2147483647;
			files = (
				D7BABD6C305978E70070926E /* JoeyPetTests.swift in Sources */,
			);
			runOnlyForDeploymentPostprocessing = 0;
		};
/* End PBXSourcesBuildPhase section */

/* Begin PBXTargetDependency section */
		D7BABD48305976430070926E /* PBXTargetDependency */ = {
			isa = PBXTargetDependency;
			target = D7BABD38305976420070926E /* JoeyPet */;
			targetProxy = D7BABD47305976430070926E /* PBXContainerItemProxy */;
		};
/* End PBXTargetDependency section */

/* Begin XCBuildConfiguration section */
		D7BABD58305976430070926E /* Debug */ = {
			isa = XCBuildConfiguration;
			buildSettings = {
				ALWAYS_SEARCH_USER_PATHS = NO;
				ASSETCATALOG_COMPILER_GENERATE_SWIFT_ASSET_SYMBOL_EXTENSIONS = YES;
				CLANG_ANALYZER_NONNULL = YES;
				CLANG_ANALYZER_NUMBER_OBJECT_CONVERSION = YES_AGGRESSIVE;
				CLANG_CXX_LANGUAGE_STANDARD = "gnu++20";
				CLANG_ENABLE_MODULES = YES;
				CLANG_ENABLE_OBJC_ARC = YES;
				CLANG_ENABLE_OBJC_WEAK = YES;
				CLANG_WARN_BLOCK_CAPTURE_AUTORELEASING = YES;
				CLANG_WARN_BOOL_CONVERSION = YES;
				CLANG_WARN_COMMA = YES;
				CLANG_WARN_CONSTANT_CONVERSION = YES;
				CLANG_WARN_DEPRECATED_OBJC_IMPLEMENTATIONS = YES;
				CLANG_WARN_DIRECT_OBJC_ISA_USAGE = YES_ERROR;
				CLANG_WARN_DOCUMENTATION_COMMENTS = YES;
				CLANG_WARN_EMPTY_BODY = YES;
				CLANG_WARN_ENUM_CONVERSION = YES;
				CLANG_WARN_INFINITE_RECURSION = YES;
				CLANG_WARN_INT_CONVERSION = YES;
				CLANG_WARN_NON_LITERAL_NULL_CONVERSION = YES;
				CLANG_WARN_OBJC_IMPLICIT_RETAIN_SELF = YES;
				CLANG_WARN_OBJC_LITERAL_CONVERSION = YES;
				CLANG_WARN_OBJC_ROOT_CLASS = YES_ERROR;
				CLANG_WARN_QUOTED_INCLUDE_IN_FRAMEWORK_HEADER = YES;
				CLANG_WARN_RANGE_LOOP_ANALYSIS = YES;
				CLANG_WARN_STRICT_PROTOTYPES = YES;
				CLANG_WARN_SUSPICIOUS_MOVE = YES;
				CLANG_WARN_UNGUARDED_AVAILABILITY = YES_AGGRESSIVE;
				CLANG_WARN_UNREACHABLE_CODE = YES;
				CLANG_WARN__DUPLICATE_METHOD_MATCH = YES;
				COPY_PHASE_STRIP = NO;
				DEBUG_INFORMATION_FORMAT = dwarf;
				ENABLE_STRICT_OBJC_MSGSEND = YES;
				ENABLE_TESTABILITY = YES;
				ENABLE_USER_SCRIPT_SANDBOXING = YES;
				GCC_C_LANGUAGE_STANDARD = gnu17;
				GCC_DYNAMIC_NO_PIC = NO;
				GCC_NO_COMMON_BLOCKS = YES;
				GCC_OPTIMIZATION_LEVEL = 0;
				GCC_PREPROCESSOR_DEFINITIONS = (
					"DEBUG=1",
					"$(inherited)",
				);
				GCC_WARN_64_TO_32_BIT_CONVERSION = YES;
				GCC_WARN_ABOUT_RETURN_TYPE = YES_ERROR;
				GCC_WARN_UNDECLARED_SELECTOR = YES;
				GCC_WARN_UNINITIALIZED_AUTOS = YES_AGGRESSIVE;
				GCC_WARN_UNUSED_FUNCTION = YES;
				GCC_WARN_UNUSED_VARIABLE = YES;
				LOCALIZATION_PREFERS_STRING_CATALOGS = YES;
				MACOSX_DEPLOYMENT_TARGET = 26.5;
				MTL_ENABLE_DEBUG_INFO = INCLUDE_SOURCE;
				MTL_FAST_MATH = YES;
				ONLY_ACTIVE_ARCH = YES;
				SDKROOT = macosx;
				SWIFT_ACTIVE_COMPILATION_CONDITIONS = "DEBUG $(inherited)";
				SWIFT_OPTIMIZATION_LEVEL = "-Onone";
			};
			name = Debug;
		};
		D7BABD59305976430070926E /* Release */ = {
			isa = XCBuildConfiguration;
			buildSettings = {
				ALWAYS_SEARCH_USER_PATHS = NO;
				ASSETCATALOG_COMPILER_GENERATE_SWIFT_ASSET_SYMBOL_EXTENSIONS = YES;
				CLANG_ANALYZER_NONNULL = YES;
				CLANG_ANALYZER_NUMBER_OBJECT_CONVERSION = YES_AGGRESSIVE;
				CLANG_CXX_LANGUAGE_STANDARD = "gnu++20";
				CLANG_ENABLE_MODULES = YES;
				CLANG_ENABLE_OBJC_ARC = YES;
				CLANG_ENABLE_OBJC_WEAK = YES;
				CLANG_WARN_BLOCK_CAPTURE_AUTORELEASING = YES;
				CLANG_WARN_BOOL_CONVERSION = YES;
				CLANG_WARN_COMMA = YES;
				CLANG_WARN_CONSTANT_CONVERSION = YES;
				CLANG_WARN_DEPRECATED_OBJC_IMPLEMENTATIONS = YES;
				CLANG_WARN_DIRECT_OBJC_ISA_USAGE = YES_ERROR;
				CLANG_WARN_DOCUMENTATION_COMMENTS = YES;
				CLANG_WARN_EMPTY_BODY = YES;
				CLANG_WARN_ENUM_CONVERSION = YES;
				CLANG_WARN_INFINITE_RECURSION = YES;
				CLANG_WARN_INT_CONVERSION = YES;
				CLANG_WARN_NON_LITERAL_NULL_CONVERSION = YES;
				CLANG_WARN_OBJC_IMPLICIT_RETAIN_SELF = YES;
				CLANG_WARN_OBJC_LITERAL_CONVERSION = YES;
				CLANG_WARN_OBJC_ROOT_CLASS = YES_ERROR;
				CLANG_WARN_QUOTED_INCLUDE_IN_FRAMEWORK_HEADER = YES;
				CLANG_WARN_RANGE_LOOP_ANALYSIS = YES;
				CLANG_WARN_STRICT_PROTOTYPES = YES;
				CLANG_WARN_SUSPICIOUS_MOVE = YES;
				CLANG_WARN_UNGUARDED_AVAILABILITY = YES_AGGRESSIVE;
				CLANG_WARN_UNREACHABLE_CODE = YES;
				CLANG_WARN__DUPLICATE_METHOD_MATCH = YES;
				COPY_PHASE_STRIP = NO;
				DEBUG_INFORMATION_FORMAT = "dwarf-with-dsym";
				ENABLE_NS_ASSERTIONS = NO;
				ENABLE_STRICT_OBJC_MSGSEND = YES;
				ENABLE_USER_SCRIPT_SANDBOXING = YES;
				GCC_C_LANGUAGE_STANDARD = gnu17;
				GCC_NO_COMMON_BLOCKS = YES;
				GCC_WARN_64_TO_32_BIT_CONVERSION = YES;
				GCC_WARN_ABOUT_RETURN_TYPE = YES_ERROR;
				GCC_WARN_UNDECLARED_SELECTOR = YES;
				GCC_WARN_UNINITIALIZED_AUTOS = YES_AGGRESSIVE;
				GCC_WARN_UNUSED_FUNCTION = YES;
				GCC_WARN_UNUSED_VARIABLE = YES;
				LOCALIZATION_PREFERS_STRING_CATALOGS = YES;
				MACOSX_DEPLOYMENT_TARGET = 26.5;
				MTL_ENABLE_DEBUG_INFO = NO;
				MTL_FAST_MATH = YES;
				SDKROOT = macosx;
				SWIFT_COMPILATION_MODE = wholemodule;
			};
			name = Release;
		};
		D7BABD5B305976430070926E /* Debug */ = {
			isa = XCBuildConfiguration;
			buildSettings = {
				ASSETCATALOG_COMPILER_APPICON_NAME = AppIcon;
				ASSETCATALOG_COMPILER_GLOBAL_ACCENT_COLOR_NAME = AccentColor;
				CODE_SIGN_STYLE = Automatic;
				COMBINE_HIDPI_IMAGES = YES;
				CURRENT_PROJECT_VERSION = 1;
				ENABLE_APP_SANDBOX = NO;
				ENABLE_PREVIEWS = YES;
				ENABLE_USER_SELECTED_FILES = readonly;
				GENERATE_INFOPLIST_FILE = YES;
				INFOPLIST_KEY_NSHumanReadableCopyright = "";
				LD_RUNPATH_SEARCH_PATHS = (
					"$(inherited)",
					"@executable_path/../Frameworks",
				);
				MACOSX_DEPLOYMENT_TARGET = 14.0;
				MARKETING_VERSION = 1.0;
				PRODUCT_BUNDLE_IDENTIFIER = com.zguiyang.JoeyPet;
				PRODUCT_NAME = "$(TARGET_NAME)";
				REGISTER_APP_GROUPS = YES;
				STRING_CATALOG_GENERATE_SYMBOLS = YES;
				SWIFT_APPROACHABLE_CONCURRENCY = YES;
				SWIFT_DEFAULT_ACTOR_ISOLATION = MainActor;
				SWIFT_EMIT_LOC_STRINGS = YES;
				SWIFT_UPCOMING_FEATURE_MEMBER_IMPORT_VISIBILITY = YES;
				SWIFT_VERSION = 5.0;
			};
			name = Debug;
		};
		D7BABD5C305976430070926E /* Release */ = {
			isa = XCBuildConfiguration;
			buildSettings = {
				ASSETCATALOG_COMPILER_APPICON_NAME = AppIcon;
				ASSETCATALOG_COMPILER_GLOBAL_ACCENT_COLOR_NAME = AccentColor;
				CODE_SIGN_STYLE = Automatic;
				COMBINE_HIDPI_IMAGES = YES;
				CURRENT_PROJECT_VERSION = 1;
				ENABLE_APP_SANDBOX = NO;
				ENABLE_PREVIEWS = YES;
				ENABLE_USER_SELECTED_FILES = readonly;
				GENERATE_INFOPLIST_FILE = YES;
				INFOPLIST_KEY_NSHumanReadableCopyright = "";
				LD_RUNPATH_SEARCH_PATHS = (
					"$(inherited)",
					"@executable_path/../Frameworks",
				);
				MACOSX_DEPLOYMENT_TARGET = 14.0;
				MARKETING_VERSION = 1.0;
				PRODUCT_BUNDLE_IDENTIFIER = com.zguiyang.JoeyPet;
				PRODUCT_NAME = "$(TARGET_NAME)";
				REGISTER_APP_GROUPS = YES;
				STRING_CATALOG_GENERATE_SYMBOLS = YES;
				SWIFT_APPROACHABLE_CONCURRENCY = YES;
				SWIFT_DEFAULT_ACTOR_ISOLATION = MainActor;
				SWIFT_EMIT_LOC_STRINGS = YES;
				SWIFT_UPCOMING_FEATURE_MEMBER_IMPORT_VISIBILITY = YES;
				SWIFT_VERSION = 5.0;
			};
			name = Release;
		};
		D7BABD5E305976430070926E /* Debug */ = {
			isa = XCBuildConfiguration;
			buildSettings = {
				BUNDLE_LOADER = "$(TEST_HOST)";
				CODE_SIGN_STYLE = Automatic;
				CURRENT_PROJECT_VERSION = 1;
				GENERATE_INFOPLIST_FILE = YES;
				MACOSX_DEPLOYMENT_TARGET = 14.0;
				MARKETING_VERSION = 1.0;
				PRODUCT_BUNDLE_IDENTIFIER = com.zguiyang.JoeyPetTests;
				PRODUCT_NAME = "$(TARGET_NAME)";
				STRING_CATALOG_GENERATE_SYMBOLS = NO;
				SWIFT_APPROACHABLE_CONCURRENCY = YES;
				SWIFT_EMIT_LOC_STRINGS = NO;
				SWIFT_UPCOMING_FEATURE_MEMBER_IMPORT_VISIBILITY = YES;
				SWIFT_VERSION = 5.0;
				TEST_HOST = "$(BUILT_PRODUCTS_DIR)/JoeyPet.app/$(BUNDLE_EXECUTABLE_FOLDER_PATH)/JoeyPet";
			};
			name = Debug;
		};
		D7BABD5F305976430070926E /* Release */ = {
			isa = XCBuildConfiguration;
			buildSettings = {
				BUNDLE_LOADER = "$(TEST_HOST)";
				CODE_SIGN_STYLE = Automatic;
				CURRENT_PROJECT_VERSION = 1;
				GENERATE_INFOPLIST_FILE = YES;
				MACOSX_DEPLOYMENT_TARGET = 14.0;
				MARKETING_VERSION = 1.0;
				PRODUCT_BUNDLE_IDENTIFIER = com.zguiyang.JoeyPetTests;
				PRODUCT_NAME = "$(TARGET_NAME)";
				STRING_CATALOG_GENERATE_SYMBOLS = NO;
				SWIFT_APPROACHABLE_CONCURRENCY = YES;
				SWIFT_EMIT_LOC_STRINGS = NO;
				SWIFT_UPCOMING_FEATURE_MEMBER_IMPORT_VISIBILITY = YES;
				SWIFT_VERSION = 5.0;
				TEST_HOST = "$(BUILT_PRODUCTS_DIR)/JoeyPet.app/$(BUNDLE_EXECUTABLE_FOLDER_PATH)/JoeyPet";
			};
			name = Release;
		};
/* End XCBuildConfiguration section */

/* Begin XCConfigurationList section */
		D7BABD34305976420070926E /* Build configuration list for PBXProject "JoeyPet" */ = {
			isa = XCConfigurationList;
			buildConfigurations = (
				D7BABD58305976430070926E /* Debug */,
				D7BABD59305976430070926E /* Release */,
			);
			defaultConfigurationIsVisible = 0;
			defaultConfigurationName = Release;
		};
		D7BABD5A305976430070926E /* Build configuration list for PBXNativeTarget "JoeyPet" */ = {
			isa = XCConfigurationList;
			buildConfigurations = (
				D7BABD5B305976430070926E /* Debug */,
				D7BABD5C305976430070926E /* Release */,
			);
			defaultConfigurationIsVisible = 0;
			defaultConfigurationName = Release;
		};
		D7BABD5D305976430070926E /* Build configuration list for PBXNativeTarget "JoeyPetTests" */ = {
			isa = XCConfigurationList;
			buildConfigurations = (
				D7BABD5E305976430070926E /* Debug */,
				D7BABD5F305976430070926E /* Release */,
			);
			defaultConfigurationIsVisible = 0;
			defaultConfigurationName = Release;
		};
/* End XCConfigurationList section */
	};
	rootObject = D7BABD31305976420070926E /* Project object */;
}
